
Microsoft Visual Studio Solution File, Format Version 12.00
# Visual Studio 2012
Project("{8BC9CEB8-8B4A-11D0-8D11-00A0C91BC942}") = "Kidedit", "Kidedit.vcxproj", "{FFB9D37A-15F4-4AFA-BFC3-45ACE2744634}"
EndProject
Global
	GlobalSection(SolutionConfigurationPlatforms) = preSolution
		Debug|Win32 = Debug|Win32
		Release|Win32 = Release|Win32
	EndGlobalSection
	GlobalSection(ProjectConfigurationPlatforms) = postSolution
		{FFB9D37A-15F4-4AFA-BFC3-45ACE2744634}.Debug|Win32.ActiveCfg = Debug|Win32
		{FFB9D37A-15F4-4AFA-BFC3-45ACE2744634}.Debug|Win32.Build.0 = Debug|Win32
		{FFB9D37A-15F4-4AFA-BFC3-45ACE2744634}.Release|Win32.ActiveCfg = Release|Win32
		{FFB9D37A-15F4-4AFA-BFC3-45ACE2744634}.Release|Win32.Build.0 = Release|Win32
	EndGlobalSection
	GlobalSection(SolutionProperties) = preSolution
		HideSolutionNode = FALSE
	EndGlobalSection
EndGlobal
